// !$*UTF8*$!
{
	archiveVersion = 1;
	classes = {
	};
	objectVersion = 50;
	objects = {

/* Begin PBXFileReference section */
		BA46FC1D2580993E0092B3D6 /* EULA.pdf */ = {isa = PBXFileReference; lastKnownFileType = image.pdf; path = EULA.pdf; sourceTree = "<group>"; };
		BA660E0F2489630000522512 /* _config.yml */ = {isa = PBXFileReference; lastKnownFileType = text.yaml; path = _config.yml; sourceTree = "<group>"; };
		BA660E102489630100522512 /* README.md */ = {isa = PBXFileReference; lastKnownFileType = net.daringfireball.markdown; path = README.md; sourceTree = "<group>"; };
		BA660E1224896AB000522512 /* Logo-FamilyLawTools.png */ = {isa = PBXFileReference; lastKnownFileType = image.png; path = "Logo-FamilyLawTools.png"; sourceTree = "<group>"; };
		BAF6298825ABF4FA0072EBED /* Privacy-Policy.pdf */ = {isa = PBXFileReference; lastKnownFileType = image.pdf; path = "Privacy-Policy.pdf"; sourceTree = "<group>"; };
		BAF6298925ABF4FA0072EBED /* Terms-of-Service.pdf */ = {isa = PBXFileReference; lastKnownFileType = image.pdf; path = "Terms-of-Service.pdf"; sourceTree = "<group>"; };
/* End PBXFileReference section */

/* Begin PBXGroup section */
		BA46FB29257DC2CF0092B3D6 /* app */ = {
			isa = PBXGroup;
			children = (
				BA46FB2A257DC2DE0092B3D6 /* Family-Law-Tools */,
			);
			path = app;
			sourceTree = "<group>";
		};
		BA46FB2A257DC2DE0092B3D6 /* Family-Law-Tools */ = {
			isa = PBXGroup;
			children = (
				BA46FB2B257DC2ED0092B3D6 /* images */,
				BA7CDF93257DB79700EC7D4C /* documents */,
			);
			path = "Family-Law-Tools";
			sourceTree = "<group>";
		};
		BA46FB2B257DC2ED0092B3D6 /* images */ = {
			isa = PBXGroup;
			children = (
				BA660E1224896AB000522512 /* Logo-FamilyLawTools.png */,
			);
			path = images;
			sourceTree = "<group>";
		};
		BA660E08248962A900522512 = {
			isa = PBXGroup;
			children = (
				BA46FB29257DC2CF0092B3D6 /* app */,
				BA660E1124896A6A00522512 /* images */,
				BA660E0F2489630000522512 /* _config.yml */,
				BA660E102489630100522512 /* README.md */,
			);
			sourceTree = "<group>";
		};
		BA660E1124896A6A00522512 /* images */ = {
			isa = PBXGroup;
			children = (
			);
			path = images;
			sourceTree = "<group>";
		};
		BA7CDF93257DB79700EC7D4C /* documents */ = {
			isa = PBXGroup;
			children = (
				BAF6298925ABF4FA0072EBED /* Terms-of-Service.pdf */,
				BAF6298825ABF4FA0072EBED /* Privacy-Policy.pdf */,
				BA46FC1D2580993E0092B3D6 /* EULA.pdf */,
			);
			path = documents;
			sourceTree = "<group>";
		};
/* End PBXGroup section */

/* Begin PBXProject section */
		BA660E09248962A900522512 /* Project object */ = {
			isa = PBXProject;
			attributes = {
				LastUpgradeCheck = 1150;
			};
			buildConfigurationList = BA660E0C248962A900522512 /* Build configuration list for PBXProject "mikeCenters.github.io" */;
			compatibilityVersion = "Xcode 9.3";
			developmentRegion = en;
			hasScannedForEncodings = 0;
			knownRegions = (
				en,
				Base,
			);
			mainGroup = BA660E08248962A900522512;
			projectDirPath = "";
			projectRoot = "";
			targets = (
			);
		};
/* End PBXProject section */

/* Begin XCBuildConfiguration section */
		BA660E0D248962A900522512 /* Debug */ = {
			isa = XCBuildConfiguration;
			buildSettings = {
			};
			name = Debug;
		};
		BA660E0E248962A900522512 /* Release */ = {
			isa = XCBuildConfiguration;
			buildSettings = {
			};
			name = Release;
		};
/* End XCBuildConfiguration section */

/* Begin XCConfigurationList section */
		BA660E0C248962A900522512 /* Build configuration list for PBXProject "mikeCenters.github.io" */ = {
			isa = XCConfigurationList;
			buildConfigurations = (
				BA660E0D248962A900522512 /* Debug */,
				BA660E0E248962A900522512 /* Release */,
			);
			defaultConfigurationIsVisible = 0;
			defaultConfigurationName = Release;
		};
/* End XCConfigurationList section */
	};
	rootObject = BA660E09248962A900522512 /* Project object */;
}
