// !$*UTF8*$!
{
	archiveVersion = 1;
	classes = {
	};
	objectVersion = 50;
	objects = {

/* Begin PBXFileReference section */
		BA660E102489630100522512 /* README.md */ = {isa = PBXFileReference; lastKnownFileType = net.daringfireball.markdown; path = README.md; sourceTree = "<group>"; };
		BA92139D25AE365E00644166 /* LICENSE.txt */ = {isa = PBXFileReference; lastKnownFileType = text; path = LICENSE.txt; sourceTree = "<group>"; };
		BA9213BA25AE365F00644166 /* main.css */ = {isa = PBXFileReference; lastKnownFileType = text.css; path = main.css; sourceTree = "<group>"; };
		BA9213BD25AE365F00644166 /* breakpoints.min.js */ = {isa = PBXFileReference; lastKnownFileType = sourcecode.javascript; path = breakpoints.min.js; sourceTree = "<group>"; };
		BA9213BE25AE365F00644166 /* util.js */ = {isa = PBXFileReference; lastKnownFileType = sourcecode.javascript; path = util.js; sourceTree = "<group>"; };
		BA9213BF25AE365F00644166 /* jquery.scrolly.min.js */ = {isa = PBXFileReference; lastKnownFileType = sourcecode.javascript; path = jquery.scrolly.min.js; sourceTree = "<group>"; };
		BA9213C025AE365F00644166 /* jquery.min.js */ = {isa = PBXFileReference; lastKnownFileType = sourcecode.javascript; path = jquery.min.js; sourceTree = "<group>"; };
		BA9213C125AE365F00644166 /* main.js */ = {isa = PBXFileReference; lastKnownFileType = sourcecode.javascript; path = main.js; sourceTree = "<group>"; };
		BA9213C225AE365F00644166 /* browser.min.js */ = {isa = PBXFileReference; lastKnownFileType = sourcecode.javascript; path = browser.min.js; sourceTree = "<group>"; };
		BA9213D525AE365F00644166 /* _wrapper.scss */ = {isa = PBXFileReference; lastKnownFileType = text; path = _wrapper.scss; sourceTree = "<group>"; };
		BA9213D725AE365F00644166 /* _functions.scss */ = {isa = PBXFileReference; lastKnownFileType = text; path = _functions.scss; sourceTree = "<group>"; };
		BA9213D825AE365F00644166 /* _vars.scss */ = {isa = PBXFileReference; lastKnownFileType = text; path = _vars.scss; sourceTree = "<group>"; };
		BA9213D925AE365F00644166 /* _breakpoints.scss */ = {isa = PBXFileReference; lastKnownFileType = text; path = _breakpoints.scss; sourceTree = "<group>"; };
		BA9213DA25AE365F00644166 /* _vendor.scss */ = {isa = PBXFileReference; lastKnownFileType = text; path = _vendor.scss; sourceTree = "<group>"; };
		BA9213DB25AE365F00644166 /* _mixins.scss */ = {isa = PBXFileReference; lastKnownFileType = text; path = _mixins.scss; sourceTree = "<group>"; };
		BA9213DC25AE365F00644166 /* _html-grid.scss */ = {isa = PBXFileReference; lastKnownFileType = text; path = "_html-grid.scss"; sourceTree = "<group>"; };
		BA9213DE25AE365F00644166 /* _feature-icons.scss */ = {isa = PBXFileReference; lastKnownFileType = text; path = "_feature-icons.scss"; sourceTree = "<group>"; };
		BA9213DF25AE365F00644166 /* _row.scss */ = {isa = PBXFileReference; lastKnownFileType = text; path = _row.scss; sourceTree = "<group>"; };
		BA9213E025AE365F00644166 /* _image.scss */ = {isa = PBXFileReference; lastKnownFileType = text; path = _image.scss; sourceTree = "<group>"; };
		BA9213E125AE365F00644166 /* _button.scss */ = {isa = PBXFileReference; lastKnownFileType = text; path = _button.scss; sourceTree = "<group>"; };
		BA9213E225AE365F00644166 /* _table.scss */ = {isa = PBXFileReference; lastKnownFileType = text; path = _table.scss; sourceTree = "<group>"; };
		BA9213E325AE365F00644166 /* _actions.scss */ = {isa = PBXFileReference; lastKnownFileType = text; path = _actions.scss; sourceTree = "<group>"; };
		BA9213E425AE365F00644166 /* _box.scss */ = {isa = PBXFileReference; lastKnownFileType = text; path = _box.scss; sourceTree = "<group>"; };
		BA9213E525AE365F00644166 /* _list.scss */ = {isa = PBXFileReference; lastKnownFileType = text; path = _list.scss; sourceTree = "<group>"; };
		BA9213E625AE365F00644166 /* _icon.scss */ = {isa = PBXFileReference; lastKnownFileType = text; path = _icon.scss; sourceTree = "<group>"; };
		BA9213E725AE365F00644166 /* _arrow.scss */ = {isa = PBXFileReference; lastKnownFileType = text; path = _arrow.scss; sourceTree = "<group>"; };
		BA9213E825AE365F00644166 /* _form.scss */ = {isa = PBXFileReference; lastKnownFileType = text; path = _form.scss; sourceTree = "<group>"; };
		BA9213E925AE365F00644166 /* _icons.scss */ = {isa = PBXFileReference; lastKnownFileType = text; path = _icons.scss; sourceTree = "<group>"; };
		BA9213EA25AE365F00644166 /* _gallery.scss */ = {isa = PBXFileReference; lastKnownFileType = text; path = _gallery.scss; sourceTree = "<group>"; };
		BA9213EB25AE365F00644166 /* main.scss */ = {isa = PBXFileReference; lastKnownFileType = text; path = main.scss; sourceTree = "<group>"; };
		BA9213ED25AE365F00644166 /* _typography.scss */ = {isa = PBXFileReference; lastKnownFileType = text; path = _typography.scss; sourceTree = "<group>"; };
		BA9213EE25AE365F00644166 /* _reset.scss */ = {isa = PBXFileReference; lastKnownFileType = text; path = _reset.scss; sourceTree = "<group>"; };
		BA9213EF25AE365F00644166 /* _page.scss */ = {isa = PBXFileReference; lastKnownFileType = text; path = _page.scss; sourceTree = "<group>"; };
		BA9213F125AE365F00644166 /* index.html */ = {isa = PBXFileReference; lastKnownFileType = text.html; path = index.html; sourceTree = "<group>"; };
		BA92141425AE3A8400644166 /* pic01.jpg */ = {isa = PBXFileReference; lastKnownFileType = image.jpeg; path = pic01.jpg; sourceTree = "<group>"; };
		BA92141625AE3A9F00644166 /* profilepic.jpg */ = {isa = PBXFileReference; lastKnownFileType = image.jpeg; path = profilepic.jpg; sourceTree = "<group>"; };
		BA92141825AE562B00644166 /* emsbanner.png */ = {isa = PBXFileReference; lastKnownFileType = image.png; path = emsbanner.png; sourceTree = "<group>"; };
		BACE6EE025AE7895009232D6 /* fontawesome-all.css */ = {isa = PBXFileReference; lastKnownFileType = text.css; path = "fontawesome-all.css"; sourceTree = "<group>"; };
		BACE6EE125AE7981009232D6 /* fa-brands-400.woff2 */ = {isa = PBXFileReference; lastKnownFileType = file; path = "fa-brands-400.woff2"; sourceTree = "<group>"; };
		BACE6EE225AE7981009232D6 /* fa-regular-400.woff */ = {isa = PBXFileReference; lastKnownFileType = file; path = "fa-regular-400.woff"; sourceTree = "<group>"; };
		BACE6EE325AE7981009232D6 /* fa-regular-400.woff2 */ = {isa = PBXFileReference; lastKnownFileType = file; path = "fa-regular-400.woff2"; sourceTree = "<group>"; };
		BACE6EE425AE7981009232D6 /* fa-solid-900.ttf */ = {isa = PBXFileReference; lastKnownFileType = file; path = "fa-solid-900.ttf"; sourceTree = "<group>"; };
		BACE6EE525AE7981009232D6 /* fa-regular-400.svg */ = {isa = PBXFileReference; lastKnownFileType = text.xml; path = "fa-regular-400.svg"; sourceTree = "<group>"; };
		BACE6EE625AE7981009232D6 /* fa-brands-400.woff */ = {isa = PBXFileReference; lastKnownFileType = file; path = "fa-brands-400.woff"; sourceTree = "<group>"; };
		BACE6EE725AE7982009232D6 /* fa-regular-400.ttf */ = {isa = PBXFileReference; lastKnownFileType = file; path = "fa-regular-400.ttf"; sourceTree = "<group>"; };
		BACE6EE825AE7982009232D6 /* fa-brands-400.eot */ = {isa = PBXFileReference; lastKnownFileType = file; path = "fa-brands-400.eot"; sourceTree = "<group>"; };
		BACE6EE925AE7982009232D6 /* fa-solid-900.woff2 */ = {isa = PBXFileReference; lastKnownFileType = file; path = "fa-solid-900.woff2"; sourceTree = "<group>"; };
		BACE6EEA25AE7982009232D6 /* fa-brands-400.svg */ = {isa = PBXFileReference; lastKnownFileType = text.xml; path = "fa-brands-400.svg"; sourceTree = "<group>"; };
		BACE6EEB25AE7982009232D6 /* fa-solid-900.svg */ = {isa = PBXFileReference; lastKnownFileType = text.xml; path = "fa-solid-900.svg"; sourceTree = "<group>"; };
		BACE6EEC25AE7982009232D6 /* fa-regular-400.eot */ = {isa = PBXFileReference; lastKnownFileType = file; path = "fa-regular-400.eot"; sourceTree = "<group>"; };
		BACE6EED25AE7982009232D6 /* fa-brands-400.ttf */ = {isa = PBXFileReference; lastKnownFileType = file; path = "fa-brands-400.ttf"; sourceTree = "<group>"; };
		BACE6EEE25AE7982009232D6 /* fa-solid-900.eot */ = {isa = PBXFileReference; lastKnownFileType = file; path = "fa-solid-900.eot"; sourceTree = "<group>"; };
		BACE6EEF25AE7982009232D6 /* fa-solid-900.woff */ = {isa = PBXFileReference; lastKnownFileType = file; path = "fa-solid-900.woff"; sourceTree = "<group>"; };
		BACE6EFD25AFB9BE009232D6 /* landing.html */ = {isa = PBXFileReference; lastKnownFileType = text.html; path = landing.html; sourceTree = "<group>"; };
		BACE6F0025AFBA59009232D6 /* main.css */ = {isa = PBXFileReference; lastKnownFileType = text.css; path = main.css; sourceTree = "<group>"; };
		BACE6F0125AFBA59009232D6 /* fontawesome-all.min.css */ = {isa = PBXFileReference; lastKnownFileType = text.css; path = "fontawesome-all.min.css"; sourceTree = "<group>"; };
		BACE6F0325AFBA59009232D6 /* breakpoints.min.js */ = {isa = PBXFileReference; lastKnownFileType = sourcecode.javascript; path = breakpoints.min.js; sourceTree = "<group>"; };
		BACE6F0425AFBA59009232D6 /* util.js */ = {isa = PBXFileReference; lastKnownFileType = sourcecode.javascript; path = util.js; sourceTree = "<group>"; };
		BACE6F0525AFBA59009232D6 /* jquery.scrolly.min.js */ = {isa = PBXFileReference; lastKnownFileType = sourcecode.javascript; path = jquery.scrolly.min.js; sourceTree = "<group>"; };
		BACE6F0625AFBA59009232D6 /* jquery.min.js */ = {isa = PBXFileReference; lastKnownFileType = sourcecode.javascript; path = jquery.min.js; sourceTree = "<group>"; };
		BACE6F0725AFBA59009232D6 /* main.js */ = {isa = PBXFileReference; lastKnownFileType = sourcecode.javascript; path = main.js; sourceTree = "<group>"; };
		BACE6F0825AFBA59009232D6 /* jquery.scrollex.min.js */ = {isa = PBXFileReference; lastKnownFileType = sourcecode.javascript; path = jquery.scrollex.min.js; sourceTree = "<group>"; };
		BACE6F0925AFBA59009232D6 /* browser.min.js */ = {isa = PBXFileReference; lastKnownFileType = sourcecode.javascript; path = browser.min.js; sourceTree = "<group>"; };
		BACE6F0B25AFBA59009232D6 /* fa-solid-900.ttf */ = {isa = PBXFileReference; lastKnownFileType = file; path = "fa-solid-900.ttf"; sourceTree = "<group>"; };
		BACE6F0C25AFBA59009232D6 /* fa-regular-400.svg */ = {isa = PBXFileReference; lastKnownFileType = text.xml; path = "fa-regular-400.svg"; sourceTree = "<group>"; };
		BACE6F0D25AFBA59009232D6 /* fa-regular-400.woff2 */ = {isa = PBXFileReference; lastKnownFileType = file; path = "fa-regular-400.woff2"; sourceTree = "<group>"; };
		BACE6F0E25AFBA59009232D6 /* fa-solid-900.eot */ = {isa = PBXFileReference; lastKnownFileType = file; path = "fa-solid-900.eot"; sourceTree = "<group>"; };
		BACE6F0F25AFBA59009232D6 /* fa-brands-400.svg */ = {isa = PBXFileReference; lastKnownFileType = text.xml; path = "fa-brands-400.svg"; sourceTree = "<group>"; };
		BACE6F1025AFBA59009232D6 /* fa-regular-400.woff */ = {isa = PBXFileReference; lastKnownFileType = file; path = "fa-regular-400.woff"; sourceTree = "<group>"; };
		BACE6F1125AFBA59009232D6 /* fa-brands-400.eot */ = {isa = PBXFileReference; lastKnownFileType = file; path = "fa-brands-400.eot"; sourceTree = "<group>"; };
		BACE6F1225AFBA59009232D6 /* fa-solid-900.svg */ = {isa = PBXFileReference; lastKnownFileType = text.xml; path = "fa-solid-900.svg"; sourceTree = "<group>"; };
		BACE6F1325AFBA59009232D6 /* fa-solid-900.woff */ = {isa = PBXFileReference; lastKnownFileType = file; path = "fa-solid-900.woff"; sourceTree = "<group>"; };
		BACE6F1425AFBA59009232D6 /* fa-regular-400.ttf */ = {isa = PBXFileReference; lastKnownFileType = file; path = "fa-regular-400.ttf"; sourceTree = "<group>"; };
		BACE6F1525AFBA59009232D6 /* fa-solid-900.woff2 */ = {isa = PBXFileReference; lastKnownFileType = file; path = "fa-solid-900.woff2"; sourceTree = "<group>"; };
		BACE6F1625AFBA59009232D6 /* fa-brands-400.woff2 */ = {isa = PBXFileReference; lastKnownFileType = file; path = "fa-brands-400.woff2"; sourceTree = "<group>"; };
		BACE6F1725AFBA59009232D6 /* fa-brands-400.woff */ = {isa = PBXFileReference; lastKnownFileType = file; path = "fa-brands-400.woff"; sourceTree = "<group>"; };
		BACE6F1825AFBA59009232D6 /* fa-brands-400.ttf */ = {isa = PBXFileReference; lastKnownFileType = file; path = "fa-brands-400.ttf"; sourceTree = "<group>"; };
		BACE6F1925AFBA59009232D6 /* fa-regular-400.eot */ = {isa = PBXFileReference; lastKnownFileType = file; path = "fa-regular-400.eot"; sourceTree = "<group>"; };
		BACE6F1C25AFBA59009232D6 /* _functions.scss */ = {isa = PBXFileReference; lastKnownFileType = text; path = _functions.scss; sourceTree = "<group>"; };
		BACE6F1D25AFBA59009232D6 /* _vars.scss */ = {isa = PBXFileReference; lastKnownFileType = text; path = _vars.scss; sourceTree = "<group>"; };
		BACE6F1E25AFBA59009232D6 /* _breakpoints.scss */ = {isa = PBXFileReference; lastKnownFileType = text; path = _breakpoints.scss; sourceTree = "<group>"; };
		BACE6F1F25AFBA59009232D6 /* _vendor.scss */ = {isa = PBXFileReference; lastKnownFileType = text; path = _vendor.scss; sourceTree = "<group>"; };
		BACE6F2025AFBA59009232D6 /* _mixins.scss */ = {isa = PBXFileReference; lastKnownFileType = text; path = _mixins.scss; sourceTree = "<group>"; };
		BACE6F2125AFBA59009232D6 /* _html-grid.scss */ = {isa = PBXFileReference; lastKnownFileType = text; path = "_html-grid.scss"; sourceTree = "<group>"; };
		BACE6F2225AFBA59009232D6 /* main.scss */ = {isa = PBXFileReference; lastKnownFileType = text; path = main.scss; sourceTree = "<group>"; };
		BACE6F2825AFBFD7009232D6 /* Download_on_the_App_Store_Badge_wht.svg */ = {isa = PBXFileReference; lastKnownFileType = text; path = Download_on_the_App_Store_Badge_wht.svg; sourceTree = "<group>"; };
		BACE6F2925AFC3A6009232D6 /* Download_on_the_App_Store_Badge_blk.svg */ = {isa = PBXFileReference; lastKnownFileType = text; path = Download_on_the_App_Store_Badge_blk.svg; sourceTree = "<group>"; };
		BACE6F2A25B00BD5009232D6 /* chart1.jpg */ = {isa = PBXFileReference; lastKnownFileType = image.jpeg; path = chart1.jpg; sourceTree = "<group>"; };
		BACE6F2B25B0D507009232D6 /* appIcon.png */ = {isa = PBXFileReference; lastKnownFileType = image.png; path = appIcon.png; sourceTree = "<group>"; };
		BACE6F2D25B0DB4F009232D6 /* banner.png */ = {isa = PBXFileReference; lastKnownFileType = image.png; path = banner.png; sourceTree = "<group>"; };
		BAD967CA25AC16EC00A6A7EA /* Terms-of-Service.pdf */ = {isa = PBXFileReference; lastKnownFileType = image.pdf; path = "Terms-of-Service.pdf"; sourceTree = "<group>"; };
		BAD967CB25AC16ED00A6A7EA /* EULA.pdf */ = {isa = PBXFileReference; lastKnownFileType = image.pdf; path = EULA.pdf; sourceTree = "<group>"; };
		BAD967CC25AC16ED00A6A7EA /* Privacy-Policy.pdf */ = {isa = PBXFileReference; lastKnownFileType = image.pdf; path = "Privacy-Policy.pdf"; sourceTree = "<group>"; };
		BAEBA7C125B0E02400D0E7DA /* banner.png */ = {isa = PBXFileReference; lastKnownFileType = image.png; path = banner.png; sourceTree = "<group>"; };
		BAEBA7C225B0E02400D0E7DA /* appIcon.png */ = {isa = PBXFileReference; lastKnownFileType = image.png; path = appIcon.png; sourceTree = "<group>"; };
		BAEBA7C425B0E03400D0E7DA /* Download_on_the_App_Store_Badge_wht.svg */ = {isa = PBXFileReference; lastKnownFileType = text; path = Download_on_the_App_Store_Badge_wht.svg; sourceTree = "<group>"; };
		BAEBA7C525B0E03400D0E7DA /* Download_on_the_App_Store_Badge_blk.svg */ = {isa = PBXFileReference; lastKnownFileType = text; path = Download_on_the_App_Store_Badge_blk.svg; sourceTree = "<group>"; };
		BAEBA7C625B0E06C00D0E7DA /* landing.html */ = {isa = PBXFileReference; lastKnownFileType = text.html; path = landing.html; sourceTree = "<group>"; };
		BAEBA7C925B0E07700D0E7DA /* main.css */ = {isa = PBXFileReference; lastKnownFileType = text.css; path = main.css; sourceTree = "<group>"; };
		BAEBA7CA25B0E07700D0E7DA /* fontawesome-all.min.css */ = {isa = PBXFileReference; lastKnownFileType = text.css; path = "fontawesome-all.min.css"; sourceTree = "<group>"; };
		BAEBA7CC25B0E07700D0E7DA /* breakpoints.min.js */ = {isa = PBXFileReference; lastKnownFileType = sourcecode.javascript; path = breakpoints.min.js; sourceTree = "<group>"; };
		BAEBA7CD25B0E07700D0E7DA /* util.js */ = {isa = PBXFileReference; lastKnownFileType = sourcecode.javascript; path = util.js; sourceTree = "<group>"; };
		BAEBA7CE25B0E07700D0E7DA /* jquery.scrolly.min.js */ = {isa = PBXFileReference; lastKnownFileType = sourcecode.javascript; path = jquery.scrolly.min.js; sourceTree = "<group>"; };
		BAEBA7CF25B0E07700D0E7DA /* jquery.min.js */ = {isa = PBXFileReference; lastKnownFileType = sourcecode.javascript; path = jquery.min.js; sourceTree = "<group>"; };
		BAEBA7D025B0E07700D0E7DA /* main.js */ = {isa = PBXFileReference; lastKnownFileType = sourcecode.javascript; path = main.js; sourceTree = "<group>"; };
		BAEBA7D125B0E07700D0E7DA /* jquery.scrollex.min.js */ = {isa = PBXFileReference; lastKnownFileType = sourcecode.javascript; path = jquery.scrollex.min.js; sourceTree = "<group>"; };
		BAEBA7D225B0E07700D0E7DA /* browser.min.js */ = {isa = PBXFileReference; lastKnownFileType = sourcecode.javascript; path = browser.min.js; sourceTree = "<group>"; };
		BAEBA7D425B0E07700D0E7DA /* fa-solid-900.ttf */ = {isa = PBXFileReference; lastKnownFileType = file; path = "fa-solid-900.ttf"; sourceTree = "<group>"; };
		BAEBA7D525B0E07700D0E7DA /* fa-regular-400.svg */ = {isa = PBXFileReference; lastKnownFileType = text.xml; path = "fa-regular-400.svg"; sourceTree = "<group>"; };
		BAEBA7D625B0E07700D0E7DA /* fa-regular-400.woff2 */ = {isa = PBXFileReference; lastKnownFileType = file; path = "fa-regular-400.woff2"; sourceTree = "<group>"; };
		BAEBA7D725B0E07700D0E7DA /* fa-solid-900.eot */ = {isa = PBXFileReference; lastKnownFileType = file; path = "fa-solid-900.eot"; sourceTree = "<group>"; };
		BAEBA7D825B0E07700D0E7DA /* fa-brands-400.svg */ = {isa = PBXFileReference; lastKnownFileType = text.xml; path = "fa-brands-400.svg"; sourceTree = "<group>"; };
		BAEBA7D925B0E07700D0E7DA /* fa-regular-400.woff */ = {isa = PBXFileReference; lastKnownFileType = file; path = "fa-regular-400.woff"; sourceTree = "<group>"; };
		BAEBA7DA25B0E07700D0E7DA /* fa-brands-400.eot */ = {isa = PBXFileReference; lastKnownFileType = file; path = "fa-brands-400.eot"; sourceTree = "<group>"; };
		BAEBA7DB25B0E07700D0E7DA /* fa-solid-900.svg */ = {isa = PBXFileReference; lastKnownFileType = text.xml; path = "fa-solid-900.svg"; sourceTree = "<group>"; };
		BAEBA7DC25B0E07700D0E7DA /* fa-solid-900.woff */ = {isa = PBXFileReference; lastKnownFileType = file; path = "fa-solid-900.woff"; sourceTree = "<group>"; };
		BAEBA7DD25B0E07700D0E7DA /* fa-regular-400.ttf */ = {isa = PBXFileReference; lastKnownFileType = file; path = "fa-regular-400.ttf"; sourceTree = "<group>"; };
		BAEBA7DE25B0E07700D0E7DA /* fa-solid-900.woff2 */ = {isa = PBXFileReference; lastKnownFileType = file; path = "fa-solid-900.woff2"; sourceTree = "<group>"; };
		BAEBA7DF25B0E07700D0E7DA /* fa-brands-400.woff2 */ = {isa = PBXFileReference; lastKnownFileType = file; path = "fa-brands-400.woff2"; sourceTree = "<group>"; };
		BAEBA7E025B0E07700D0E7DA /* fa-brands-400.woff */ = {isa = PBXFileReference; lastKnownFileType = file; path = "fa-brands-400.woff"; sourceTree = "<group>"; };
		BAEBA7E125B0E07700D0E7DA /* fa-brands-400.ttf */ = {isa = PBXFileReference; lastKnownFileType = file; path = "fa-brands-400.ttf"; sourceTree = "<group>"; };
		BAEBA7E225B0E07700D0E7DA /* fa-regular-400.eot */ = {isa = PBXFileReference; lastKnownFileType = file; path = "fa-regular-400.eot"; sourceTree = "<group>"; };
		BAEBA7E525B0E07700D0E7DA /* _functions.scss */ = {isa = PBXFileReference; lastKnownFileType = text; path = _functions.scss; sourceTree = "<group>"; };
		BAEBA7E625B0E07700D0E7DA /* _vars.scss */ = {isa = PBXFileReference; lastKnownFileType = text; path = _vars.scss; sourceTree = "<group>"; };
		BAEBA7E725B0E07700D0E7DA /* _breakpoints.scss */ = {isa = PBXFileReference; lastKnownFileType = text; path = _breakpoints.scss; sourceTree = "<group>"; };
		BAEBA7E825B0E07700D0E7DA /* _vendor.scss */ = {isa = PBXFileReference; lastKnownFileType = text; path = _vendor.scss; sourceTree = "<group>"; };
		BAEBA7E925B0E07700D0E7DA /* _mixins.scss */ = {isa = PBXFileReference; lastKnownFileType = text; path = _mixins.scss; sourceTree = "<group>"; };
		BAEBA7EA25B0E07700D0E7DA /* _html-grid.scss */ = {isa = PBXFileReference; lastKnownFileType = text; path = "_html-grid.scss"; sourceTree = "<group>"; };
		BAEBA7EB25B0E07700D0E7DA /* main.scss */ = {isa = PBXFileReference; lastKnownFileType = text; path = main.scss; sourceTree = "<group>"; };
		BAEBA7F025B0EEE300D0E7DA /* BA_Artboard2.png */ = {isa = PBXFileReference; lastKnownFileType = image.png; path = BA_Artboard2.png; sourceTree = "<group>"; };
		BAEBA7F125B0EEE300D0E7DA /* BA_Artboard1.png */ = {isa = PBXFileReference; lastKnownFileType = image.png; path = BA_Artboard1.png; sourceTree = "<group>"; };
		BAEBA7F225B0EEE400D0E7DA /* BA_Artboard4.png */ = {isa = PBXFileReference; lastKnownFileType = image.png; path = BA_Artboard4.png; sourceTree = "<group>"; };
		BAEBA7F325B0EEE400D0E7DA /* BA_Artboard3.png */ = {isa = PBXFileReference; lastKnownFileType = image.png; path = BA_Artboard3.png; sourceTree = "<group>"; };
		BAEBA7F425B0F20B00D0E7DA /* worksheet.jpeg */ = {isa = PBXFileReference; lastKnownFileType = image.jpeg; path = worksheet.jpeg; sourceTree = "<group>"; };
		BAEBA7F525B11C2B00D0E7DA /* FLT_Artboard1.png */ = {isa = PBXFileReference; lastKnownFileType = image.png; path = FLT_Artboard1.png; sourceTree = "<group>"; };
		BAEBA7F625B11C2C00D0E7DA /* FLT_Artboard4.png */ = {isa = PBXFileReference; lastKnownFileType = image.png; path = FLT_Artboard4.png; sourceTree = "<group>"; };
		BAEBA7F725B11C2C00D0E7DA /* FLT_Artboard2.png */ = {isa = PBXFileReference; lastKnownFileType = image.png; path = FLT_Artboard2.png; sourceTree = "<group>"; };
		BAEBA7F825B11C2C00D0E7DA /* FLT_Artboard3.png */ = {isa = PBXFileReference; lastKnownFileType = image.png; path = FLT_Artboard3.png; sourceTree = "<group>"; };
		BAF6298A25ABF6970072EBED /* Terms-of-Service.pdf */ = {isa = PBXFileReference; lastKnownFileType = image.pdf; path = "Terms-of-Service.pdf"; sourceTree = "<group>"; };
		BAF6298B25ABF6970072EBED /* Privacy-Policy.pdf */ = {isa = PBXFileReference; lastKnownFileType = image.pdf; path = "Privacy-Policy.pdf"; sourceTree = "<group>"; };
		BAF6298F25AC02510072EBED /* EULA.pdf */ = {isa = PBXFileReference; lastKnownFileType = image.pdf; path = EULA.pdf; sourceTree = "<group>"; };
/* End PBXFileReference section */

/* Begin PBXGroup section */
		BA46FB29257DC2CF0092B3D6 /* app */ = {
			isa = PBXGroup;
			children = (
				BAF6298C25ABFFBA0072EBED /* Baby-Affinity */,
				BA46FB2A257DC2DE0092B3D6 /* Family-Law-Tools */,
			);
			path = app;
			sourceTree = "<group>";
		};
		BA46FB2A257DC2DE0092B3D6 /* Family-Law-Tools */ = {
			isa = PBXGroup;
			children = (
				BAEBA7C625B0E06C00D0E7DA /* landing.html */,
				BAEBA7C725B0E07700D0E7DA /* assets */,
				BA46FB2B257DC2ED0092B3D6 /* images */,
				BA7CDF93257DB79700EC7D4C /* documents */,
			);
			path = "Family-Law-Tools";
			sourceTree = "<group>";
		};
		BA46FB2B257DC2ED0092B3D6 /* images */ = {
			isa = PBXGroup;
			children = (
				BAEBA7C525B0E03400D0E7DA /* Download_on_the_App_Store_Badge_blk.svg */,
				BAEBA7C425B0E03400D0E7DA /* Download_on_the_App_Store_Badge_wht.svg */,
				BAEBA7C125B0E02400D0E7DA /* banner.png */,
				BAEBA7C225B0E02400D0E7DA /* appIcon.png */,
				BAEBA7F525B11C2B00D0E7DA /* FLT_Artboard1.png */,
				BAEBA7F725B11C2C00D0E7DA /* FLT_Artboard2.png */,
				BAEBA7F825B11C2C00D0E7DA /* FLT_Artboard3.png */,
				BAEBA7F625B11C2C00D0E7DA /* FLT_Artboard4.png */,
				BAEBA7F425B0F20B00D0E7DA /* worksheet.jpeg */,
			);
			path = images;
			sourceTree = "<group>";
		};
		BA660E08248962A900522512 = {
			isa = PBXGroup;
			children = (
				BA660E102489630100522512 /* README.md */,
				BA46FB29257DC2CF0092B3D6 /* app */,
				BA9213FC25AE3A8400644166 /* images */,
				BA9213B825AE365F00644166 /* assets */,
				BA9213F125AE365F00644166 /* index.html */,
				BA92139D25AE365E00644166 /* LICENSE.txt */,
			);
			sourceTree = "<group>";
		};
		BA7CDF93257DB79700EC7D4C /* documents */ = {
			isa = PBXGroup;
			children = (
				BAF6298F25AC02510072EBED /* EULA.pdf */,
				BAF6298B25ABF6970072EBED /* Privacy-Policy.pdf */,
				BAF6298A25ABF6970072EBED /* Terms-of-Service.pdf */,
			);
			path = documents;
			sourceTree = "<group>";
		};
		BA9213B825AE365F00644166 /* assets */ = {
			isa = PBXGroup;
			children = (
				BA9213B925AE365F00644166 /* css */,
				BA9213BC25AE365F00644166 /* js */,
				BA9213C325AE365F00644166 /* webfonts */,
				BA9213D325AE365F00644166 /* sass */,
			);
			path = assets;
			sourceTree = "<group>";
		};
		BA9213B925AE365F00644166 /* css */ = {
			isa = PBXGroup;
			children = (
				BA9213BA25AE365F00644166 /* main.css */,
				BACE6EE025AE7895009232D6 /* fontawesome-all.css */,
			);
			path = css;
			sourceTree = "<group>";
		};
		BA9213BC25AE365F00644166 /* js */ = {
			isa = PBXGroup;
			children = (
				BA9213BD25AE365F00644166 /* breakpoints.min.js */,
				BA9213BE25AE365F00644166 /* util.js */,
				BA9213BF25AE365F00644166 /* jquery.scrolly.min.js */,
				BA9213C025AE365F00644166 /* jquery.min.js */,
				BA9213C125AE365F00644166 /* main.js */,
				BA9213C225AE365F00644166 /* browser.min.js */,
			);
			path = js;
			sourceTree = "<group>";
		};
		BA9213C325AE365F00644166 /* webfonts */ = {
			isa = PBXGroup;
			children = (
				BACE6EE825AE7982009232D6 /* fa-brands-400.eot */,
				BACE6EEA25AE7982009232D6 /* fa-brands-400.svg */,
				BACE6EED25AE7982009232D6 /* fa-brands-400.ttf */,
				BACE6EE625AE7981009232D6 /* fa-brands-400.woff */,
				BACE6EE125AE7981009232D6 /* fa-brands-400.woff2 */,
				BACE6EEC25AE7982009232D6 /* fa-regular-400.eot */,
				BACE6EE525AE7981009232D6 /* fa-regular-400.svg */,
				BACE6EE725AE7982009232D6 /* fa-regular-400.ttf */,
				BACE6EE225AE7981009232D6 /* fa-regular-400.woff */,
				BACE6EE325AE7981009232D6 /* fa-regular-400.woff2 */,
				BACE6EEE25AE7982009232D6 /* fa-solid-900.eot */,
				BACE6EEB25AE7982009232D6 /* fa-solid-900.svg */,
				BACE6EE425AE7981009232D6 /* fa-solid-900.ttf */,
				BACE6EEF25AE7982009232D6 /* fa-solid-900.woff */,
				BACE6EE925AE7982009232D6 /* fa-solid-900.woff2 */,
			);
			path = webfonts;
			sourceTree = "<group>";
		};
		BA9213D325AE365F00644166 /* sass */ = {
			isa = PBXGroup;
			children = (
				BA9213D425AE365F00644166 /* layout */,
				BA9213D625AE365F00644166 /* libs */,
				BA9213DD25AE365F00644166 /* components */,
				BA9213EB25AE365F00644166 /* main.scss */,
				BA9213EC25AE365F00644166 /* base */,
			);
			path = sass;
			sourceTree = "<group>";
		};
		BA9213D425AE365F00644166 /* layout */ = {
			isa = PBXGroup;
			children = (
				BA9213D525AE365F00644166 /* _wrapper.scss */,
			);
			path = layout;
			sourceTree = "<group>";
		};
		BA9213D625AE365F00644166 /* libs */ = {
			isa = PBXGroup;
			children = (
				BA9213D725AE365F00644166 /* _functions.scss */,
				BA9213D825AE365F00644166 /* _vars.scss */,
				BA9213D925AE365F00644166 /* _breakpoints.scss */,
				BA9213DA25AE365F00644166 /* _vendor.scss */,
				BA9213DB25AE365F00644166 /* _mixins.scss */,
				BA9213DC25AE365F00644166 /* _html-grid.scss */,
			);
			path = libs;
			sourceTree = "<group>";
		};
		BA9213DD25AE365F00644166 /* components */ = {
			isa = PBXGroup;
			children = (
				BA9213DE25AE365F00644166 /* _feature-icons.scss */,
				BA9213DF25AE365F00644166 /* _row.scss */,
				BA9213E025AE365F00644166 /* _image.scss */,
				BA9213E125AE365F00644166 /* _button.scss */,
				BA9213E225AE365F00644166 /* _table.scss */,
				BA9213E325AE365F00644166 /* _actions.scss */,
				BA9213E425AE365F00644166 /* _box.scss */,
				BA9213E525AE365F00644166 /* _list.scss */,
				BA9213E625AE365F00644166 /* _icon.scss */,
				BA9213E725AE365F00644166 /* _arrow.scss */,
				BA9213E825AE365F00644166 /* _form.scss */,
				BA9213E925AE365F00644166 /* _icons.scss */,
				BA9213EA25AE365F00644166 /* _gallery.scss */,
			);
			path = components;
			sourceTree = "<group>";
		};
		BA9213EC25AE365F00644166 /* base */ = {
			isa = PBXGroup;
			children = (
				BA9213ED25AE365F00644166 /* _typography.scss */,
				BA9213EE25AE365F00644166 /* _reset.scss */,
				BA9213EF25AE365F00644166 /* _page.scss */,
			);
			path = base;
			sourceTree = "<group>";
		};
		BA9213FC25AE3A8400644166 /* images */ = {
			isa = PBXGroup;
			children = (
				BA92141625AE3A9F00644166 /* profilepic.jpg */,
				BA92141825AE562B00644166 /* emsbanner.png */,
				BA92141425AE3A8400644166 /* pic01.jpg */,
			);
			path = images;
			sourceTree = "<group>";
		};
		BACE6EFE25AFBA59009232D6 /* assets */ = {
			isa = PBXGroup;
			children = (
				BACE6EFF25AFBA59009232D6 /* css */,
				BACE6F0225AFBA59009232D6 /* js */,
				BACE6F0A25AFBA59009232D6 /* webfonts */,
				BACE6F1A25AFBA59009232D6 /* sass */,
			);
			path = assets;
			sourceTree = "<group>";
		};
		BACE6EFF25AFBA59009232D6 /* css */ = {
			isa = PBXGroup;
			children = (
				BACE6F0025AFBA59009232D6 /* main.css */,
				BACE6F0125AFBA59009232D6 /* fontawesome-all.min.css */,
			);
			path = css;
			sourceTree = "<group>";
		};
		BACE6F0225AFBA59009232D6 /* js */ = {
			isa = PBXGroup;
			children = (
				BACE6F0325AFBA59009232D6 /* breakpoints.min.js */,
				BACE6F0425AFBA59009232D6 /* util.js */,
				BACE6F0525AFBA59009232D6 /* jquery.scrolly.min.js */,
				BACE6F0625AFBA59009232D6 /* jquery.min.js */,
				BACE6F0725AFBA59009232D6 /* main.js */,
				BACE6F0825AFBA59009232D6 /* jquery.scrollex.min.js */,
				BACE6F0925AFBA59009232D6 /* browser.min.js */,
			);
			path = js;
			sourceTree = "<group>";
		};
		BACE6F0A25AFBA59009232D6 /* webfonts */ = {
			isa = PBXGroup;
			children = (
				BACE6F0B25AFBA59009232D6 /* fa-solid-900.ttf */,
				BACE6F0C25AFBA59009232D6 /* fa-regular-400.svg */,
				BACE6F0D25AFBA59009232D6 /* fa-regular-400.woff2 */,
				BACE6F0E25AFBA59009232D6 /* fa-solid-900.eot */,
				BACE6F0F25AFBA59009232D6 /* fa-brands-400.svg */,
				BACE6F1025AFBA59009232D6 /* fa-regular-400.woff */,
				BACE6F1125AFBA59009232D6 /* fa-brands-400.eot */,
				BACE6F1225AFBA59009232D6 /* fa-solid-900.svg */,
				BACE6F1325AFBA59009232D6 /* fa-solid-900.woff */,
				BACE6F1425AFBA59009232D6 /* fa-regular-400.ttf */,
				BACE6F1525AFBA59009232D6 /* fa-solid-900.woff2 */,
				BACE6F1625AFBA59009232D6 /* fa-brands-400.woff2 */,
				BACE6F1725AFBA59009232D6 /* fa-brands-400.woff */,
				BACE6F1825AFBA59009232D6 /* fa-brands-400.ttf */,
				BACE6F1925AFBA59009232D6 /* fa-regular-400.eot */,
			);
			path = webfonts;
			sourceTree = "<group>";
		};
		BACE6F1A25AFBA59009232D6 /* sass */ = {
			isa = PBXGroup;
			children = (
				BACE6F1B25AFBA59009232D6 /* libs */,
				BACE6F2225AFBA59009232D6 /* main.scss */,
			);
			path = sass;
			sourceTree = "<group>";
		};
		BACE6F1B25AFBA59009232D6 /* libs */ = {
			isa = PBXGroup;
			children = (
				BACE6F1C25AFBA59009232D6 /* _functions.scss */,
				BACE6F1D25AFBA59009232D6 /* _vars.scss */,
				BACE6F1E25AFBA59009232D6 /* _breakpoints.scss */,
				BACE6F1F25AFBA59009232D6 /* _vendor.scss */,
				BACE6F2025AFBA59009232D6 /* _mixins.scss */,
				BACE6F2125AFBA59009232D6 /* _html-grid.scss */,
			);
			path = libs;
			sourceTree = "<group>";
		};
		BAD967CD25AC173600A6A7EA /* images */ = {
			isa = PBXGroup;
			children = (
				BACE6F2925AFC3A6009232D6 /* Download_on_the_App_Store_Badge_blk.svg */,
				BACE6F2825AFBFD7009232D6 /* Download_on_the_App_Store_Badge_wht.svg */,
				BACE6F2D25B0DB4F009232D6 /* banner.png */,
				BACE6F2B25B0D507009232D6 /* appIcon.png */,
				BAEBA7F125B0EEE300D0E7DA /* BA_Artboard1.png */,
				BAEBA7F025B0EEE300D0E7DA /* BA_Artboard2.png */,
				BAEBA7F325B0EEE400D0E7DA /* BA_Artboard3.png */,
				BAEBA7F225B0EEE400D0E7DA /* BA_Artboard4.png */,
				BACE6F2A25B00BD5009232D6 /* chart1.jpg */,
			);
			path = images;
			sourceTree = "<group>";
		};
		BAEBA7C725B0E07700D0E7DA /* assets */ = {
			isa = PBXGroup;
			children = (
				BAEBA7C825B0E07700D0E7DA /* css */,
				BAEBA7CB25B0E07700D0E7DA /* js */,
				BAEBA7D325B0E07700D0E7DA /* webfonts */,
				BAEBA7E325B0E07700D0E7DA /* sass */,
			);
			path = assets;
			sourceTree = "<group>";
		};
		BAEBA7C825B0E07700D0E7DA /* css */ = {
			isa = PBXGroup;
			children = (
				BAEBA7C925B0E07700D0E7DA /* main.css */,
				BAEBA7CA25B0E07700D0E7DA /* fontawesome-all.min.css */,
			);
			path = css;
			sourceTree = "<group>";
		};
		BAEBA7CB25B0E07700D0E7DA /* js */ = {
			isa = PBXGroup;
			children = (
				BAEBA7CC25B0E07700D0E7DA /* breakpoints.min.js */,
				BAEBA7CD25B0E07700D0E7DA /* util.js */,
				BAEBA7CE25B0E07700D0E7DA /* jquery.scrolly.min.js */,
				BAEBA7CF25B0E07700D0E7DA /* jquery.min.js */,
				BAEBA7D025B0E07700D0E7DA /* main.js */,
				BAEBA7D125B0E07700D0E7DA /* jquery.scrollex.min.js */,
				BAEBA7D225B0E07700D0E7DA /* browser.min.js */,
			);
			path = js;
			sourceTree = "<group>";
		};
		BAEBA7D325B0E07700D0E7DA /* webfonts */ = {
			isa = PBXGroup;
			children = (
				BAEBA7D425B0E07700D0E7DA /* fa-solid-900.ttf */,
				BAEBA7D525B0E07700D0E7DA /* fa-regular-400.svg */,
				BAEBA7D625B0E07700D0E7DA /* fa-regular-400.woff2 */,
				BAEBA7D725B0E07700D0E7DA /* fa-solid-900.eot */,
				BAEBA7D825B0E07700D0E7DA /* fa-brands-400.svg */,
				BAEBA7D925B0E07700D0E7DA /* fa-regular-400.woff */,
				BAEBA7DA25B0E07700D0E7DA /* fa-brands-400.eot */,
				BAEBA7DB25B0E07700D0E7DA /* fa-solid-900.svg */,
				BAEBA7DC25B0E07700D0E7DA /* fa-solid-900.woff */,
				BAEBA7DD25B0E07700D0E7DA /* fa-regular-400.ttf */,
				BAEBA7DE25B0E07700D0E7DA /* fa-solid-900.woff2 */,
				BAEBA7DF25B0E07700D0E7DA /* fa-brands-400.woff2 */,
				BAEBA7E025B0E07700D0E7DA /* fa-brands-400.woff */,
				BAEBA7E125B0E07700D0E7DA /* fa-brands-400.ttf */,
				BAEBA7E225B0E07700D0E7DA /* fa-regular-400.eot */,
			);
			path = webfonts;
			sourceTree = "<group>";
		};
		BAEBA7E325B0E07700D0E7DA /* sass */ = {
			isa = PBXGroup;
			children = (
				BAEBA7E425B0E07700D0E7DA /* libs */,
				BAEBA7EB25B0E07700D0E7DA /* main.scss */,
			);
			path = sass;
			sourceTree = "<group>";
		};
		BAEBA7E425B0E07700D0E7DA /* libs */ = {
			isa = PBXGroup;
			children = (
				BAEBA7E525B0E07700D0E7DA /* _functions.scss */,
				BAEBA7E625B0E07700D0E7DA /* _vars.scss */,
				BAEBA7E725B0E07700D0E7DA /* _breakpoints.scss */,
				BAEBA7E825B0E07700D0E7DA /* _vendor.scss */,
				BAEBA7E925B0E07700D0E7DA /* _mixins.scss */,
				BAEBA7EA25B0E07700D0E7DA /* _html-grid.scss */,
			);
			path = libs;
			sourceTree = "<group>";
		};
		BAF6298C25ABFFBA0072EBED /* Baby-Affinity */ = {
			isa = PBXGroup;
			children = (
				BACE6EFD25AFB9BE009232D6 /* landing.html */,
				BACE6EFE25AFBA59009232D6 /* assets */,
				BAD967CD25AC173600A6A7EA /* images */,
				BAF6298D25ABFFC90072EBED /* documents */,
			);
			path = "Baby-Affinity";
			sourceTree = "<group>";
		};
		BAF6298D25ABFFC90072EBED /* documents */ = {
			isa = PBXGroup;
			children = (
				BAD967CB25AC16ED00A6A7EA /* EULA.pdf */,
				BAD967CC25AC16ED00A6A7EA /* Privacy-Policy.pdf */,
				BAD967CA25AC16EC00A6A7EA /* Terms-of-Service.pdf */,
			);
			path = documents;
			sourceTree = "<group>";
		};
/* End PBXGroup section */

/* Begin PBXProject section */
		BA660E09248962A900522512 /* Project object */ = {
			isa = PBXProject;
			attributes = {
				LastUpgradeCheck = 1230;
			};
			buildConfigurationList = BA660E0C248962A900522512 /* Build configuration list for PBXProject "mikeCenters.github.io" */;
			compatibilityVersion = "Xcode 9.3";
			developmentRegion = en;
			hasScannedForEncodings = 0;
			knownRegions = (
				en,
				Base,
			);
			mainGroup = BA660E08248962A900522512;
			projectDirPath = "";
			projectRoot = "";
			targets = (
			);
		};
/* End PBXProject section */

/* Begin XCBuildConfiguration section */
		BA660E0D248962A900522512 /* Debug */ = {
			isa = XCBuildConfiguration;
			buildSettings = {
				CLANG_WARN_BLOCK_CAPTURE_AUTORELEASING = YES;
				CLANG_WARN_BOOL_CONVERSION = YES;
				CLANG_WARN_COMMA = YES;
				CLANG_WARN_CONSTANT_CONVERSION = YES;
				CLANG_WARN_DEPRECATED_OBJC_IMPLEMENTATIONS = YES;
				CLANG_WARN_EMPTY_BODY = YES;
				CLANG_WARN_ENUM_CONVERSION = YES;
				CLANG_WARN_INFINITE_RECURSION = YES;
				CLANG_WARN_INT_CONVERSION = YES;
				CLANG_WARN_NON_LITERAL_NULL_CONVERSION = YES;
				CLANG_WARN_OBJC_IMPLICIT_RETAIN_SELF = YES;
				CLANG_WARN_OBJC_LITERAL_CONVERSION = YES;
				CLANG_WARN_QUOTED_INCLUDE_IN_FRAMEWORK_HEADER = YES;
				CLANG_WARN_RANGE_LOOP_ANALYSIS = YES;
				CLANG_WARN_STRICT_PROTOTYPES = YES;
				CLANG_WARN_SUSPICIOUS_MOVE = YES;
				CLANG_WARN_UNREACHABLE_CODE = YES;
				CLANG_WARN__DUPLICATE_METHOD_MATCH = YES;
				ENABLE_STRICT_OBJC_MSGSEND = YES;
				ENABLE_TESTABILITY = YES;
				GCC_NO_COMMON_BLOCKS = YES;
				GCC_WARN_64_TO_32_BIT_CONVERSION = YES;
				GCC_WARN_ABOUT_RETURN_TYPE = YES;
				GCC_WARN_UNDECLARED_SELECTOR = YES;
				GCC_WARN_UNINITIALIZED_AUTOS = YES;
				GCC_WARN_UNUSED_FUNCTION = YES;
				GCC_WARN_UNUSED_VARIABLE = YES;
				ONLY_ACTIVE_ARCH = YES;
			};
			name = Debug;
		};
		BA660E0E248962A900522512 /* Release */ = {
			isa = XCBuildConfiguration;
			buildSettings = {
				CLANG_WARN_BLOCK_CAPTURE_AUTORELEASING = YES;
				CLANG_WARN_BOOL_CONVERSION = YES;
				CLANG_WARN_COMMA = YES;
				CLANG_WARN_CONSTANT_CONVERSION = YES;
				CLANG_WARN_DEPRECATED_OBJC_IMPLEMENTATIONS = YES;
				CLANG_WARN_EMPTY_BODY = YES;
				CLANG_WARN_ENUM_CONVERSION = YES;
				CLANG_WARN_INFINITE_RECURSION = YES;
				CLANG_WARN_INT_CONVERSION = YES;
				CLANG_WARN_NON_LITERAL_NULL_CONVERSION = YES;
				CLANG_WARN_OBJC_IMPLICIT_RETAIN_SELF = YES;
				CLANG_WARN_OBJC_LITERAL_CONVERSION = YES;
				CLANG_WARN_QUOTED_INCLUDE_IN_FRAMEWORK_HEADER = YES;
				CLANG_WARN_RANGE_LOOP_ANALYSIS = YES;
				CLANG_WARN_STRICT_PROTOTYPES = YES;
				CLANG_WARN_SUSPICIOUS_MOVE = YES;
				CLANG_WARN_UNREACHABLE_CODE = YES;
				CLANG_WARN__DUPLICATE_METHOD_MATCH = YES;
				ENABLE_STRICT_OBJC_MSGSEND = YES;
				GCC_NO_COMMON_BLOCKS = YES;
				GCC_WARN_64_TO_32_BIT_CONVERSION = YES;
				GCC_WARN_ABOUT_RETURN_TYPE = YES;
				GCC_WARN_UNDECLARED_SELECTOR = YES;
				GCC_WARN_UNINITIALIZED_AUTOS = YES;
				GCC_WARN_UNUSED_FUNCTION = YES;
				GCC_WARN_UNUSED_VARIABLE = YES;
			};
			name = Release;
		};
/* End XCBuildConfiguration section */

/* Begin XCConfigurationList section */
		BA660E0C248962A900522512 /* Build configuration list for PBXProject "mikeCenters.github.io" */ = {
			isa = XCConfigurationList;
			buildConfigurations = (
				BA660E0D248962A900522512 /* Debug */,
				BA660E0E248962A900522512 /* Release */,
			);
			defaultConfigurationIsVisible = 0;
			defaultConfigurationName = Release;
		};
/* End XCConfigurationList section */
	};
	rootObject = BA660E09248962A900522512 /* Project object */;
}
